
Microsoft Visual Studio Solution File, Format Version 12.00
# Visual Studio Version 17
VisualStudioVersion = 17.4.33213.308
MinimumVisualStudioVersion = 10.0.40219.1
Project("{8BC9CEB8-8B4A-11D0-8D11-00A0C91BC942}") = "NatOS32", "NatOS\NatOS.vcxproj", "{16559D94-3CA4-4C6B-A870-6B0D283191BF}"
EndProject
Global
	GlobalSection(SolutionConfigurationPlatforms) = preSolution
		Debug|x64 = Debug|x64
		Debug|x86 = Debug|x86
		Release|x64 = Release|x64
		Release|x86 = Release|x86
	EndGlobalSection
	GlobalSection(ProjectConfigurationPlatforms) = postSolution
		{16559D94-3CA4-4C6B-A870-6B0D283191BF}.Debug|x64.ActiveCfg = Debug|Win32
		{16559D94-3CA4-4C6B-A870-6B0D283191BF}.Debug|x86.ActiveCfg = Debug|Win32
		{16559D94-3CA4-4C6B-A870-6B0D283191BF}.Debug|x86.Build.0 = Debug|Win32
		{16559D94-3CA4-4C6B-A870-6B0D283191BF}.Release|x64.ActiveCfg = Debug|Win32
		{16559D94-3CA4-4C6B-A870-6B0D283191BF}.Release|x86.ActiveCfg = Debug|Win32
	EndGlobalSection
	GlobalSection(SolutionProperties) = preSolution
		HideSolutionNode = FALSE
	EndGlobalSection
	GlobalSection(ExtensibilityGlobals) = postSolution
		SolutionGuid = {CF1110CC-9C94-4BF2-80B6-9A05BBA80AF3}
	EndGlobalSection
EndGlobal
